
Microsoft Visual Studio Solution File, Format Version 12.00
# Visual Studio Version 16
VisualStudioVersion = 16.0.30114.105
MinimumVisualStudioVersion = 10.0.40219.1
Project("{2150E333-8FDC-42A3-9474-1A3956D46DE8}") = "src", "src", "{EA4EB58D-A8B2-473F-BCBF-380F18EF68A0}"
EndProject
Project("{FAE04EC0-301F-11D3-BF4B-00C04F79EFBC}") = "GradeBook", "src\GradeBook\GradeBook.csproj", "{176C950C-2D3C-40FB-94DC-F42D9E3F6048}"
EndProject
Project("{2150E333-8FDC-42A3-9474-1A3956D46DE8}") = "test", "test", "{88B34D9C-B816-4E9B-85B5-B6144C017518}"
EndProject
Project("{FAE04EC0-301F-11D3-BF4B-00C04F79EFBC}") = "GradeBook.Tests", "test\GradeBook.Tests\GradeBook.Tests.csproj", "{444CC128-8E8F-46FF-9B3B-9E469088C2A7}"
EndProject
Global
	GlobalSection(SolutionConfigurationPlatforms) = preSolution
		Debug|Any CPU = Debug|Any CPU
		Release|Any CPU = Release|Any CPU
	EndGlobalSection
	GlobalSection(SolutionProperties) = preSolution
		HideSolutionNode = FALSE
	EndGlobalSection
	GlobalSection(ProjectConfigurationPlatforms) = postSolution
		{176C950C-2D3C-40FB-94DC-F42D9E3F6048}.Debug|Any CPU.ActiveCfg = Debug|Any CPU
		{176C950C-2D3C-40FB-94DC-F42D9E3F6048}.Debug|Any CPU.Build.0 = Debug|Any CPU
		{176C950C-2D3C-40FB-94DC-F42D9E3F6048}.Release|Any CPU.ActiveCfg = Release|Any CPU
		{176C950C-2D3C-40FB-94DC-F42D9E3F6048}.Release|Any CPU.Build.0 = Release|Any CPU
		{444CC128-8E8F-46FF-9B3B-9E469088C2A7}.Debug|Any CPU.ActiveCfg = Debug|Any CPU
		{444CC128-8E8F-46FF-9B3B-9E469088C2A7}.Debug|Any CPU.Build.0 = Debug|Any CPU
		{444CC128-8E8F-46FF-9B3B-9E469088C2A7}.Release|Any CPU.ActiveCfg = Release|Any CPU
		{444CC128-8E8F-46FF-9B3B-9E469088C2A7}.Release|Any CPU.Build.0 = Release|Any CPU
	EndGlobalSection
	GlobalSection(NestedProjects) = preSolution
		{176C950C-2D3C-40FB-94DC-F42D9E3F6048} = {EA4EB58D-A8B2-473F-BCBF-380F18EF68A0}
		{444CC128-8E8F-46FF-9B3B-9E469088C2A7} = {88B34D9C-B816-4E9B-85B5-B6144C017518}
	EndGlobalSection
EndGlobal
